
Microsoft Visual Studio Solution File, Format Version 12.00
# Visual Studio Version 17
VisualStudioVersion = 17.4.33213.308
MinimumVisualStudioVersion = 10.0.40219.1
Project("{9A19103F-16F7-4668-BE54-9A1E7A4F7556}") = "CreditApplications.Web", "CreditApplications.Web\CreditApplications.Web.csproj", "{8492EA57-8451-460B-8147-009935BFBD9B}"
EndProject
Global
	GlobalSection(SolutionConfigurationPlatforms) = preSolution
		Debug|Any CPU = Debug|Any CPU
		Release|Any CPU = Release|Any CPU
	EndGlobalSection
	GlobalSection(ProjectConfigurationPlatforms) = postSolution
		{8492EA57-8451-460B-8147-009935BFBD9B}.Debug|Any CPU.ActiveCfg = Debug|Any CPU
		{8492EA57-8451-460B-8147-009935BFBD9B}.Debug|Any CPU.Build.0 = Debug|Any CPU
		{8492EA57-8451-460B-8147-009935BFBD9B}.Release|Any CPU.ActiveCfg = Release|Any CPU
		{8492EA57-8451-460B-8147-009935BFBD9B}.Release|Any CPU.Build.0 = Release|Any CPU
	EndGlobalSection
	GlobalSection(SolutionProperties) = preSolution
		HideSolutionNode = FALSE
	EndGlobalSection
	GlobalSection(ExtensibilityGlobals) = postSolution
		SolutionGuid = {D15881A0-AF8E-4AFC-9D52-A7160DE3A413}
	EndGlobalSection
EndGlobal
