
Microsoft Visual Studio Solution File, Format Version 12.00
# Visual Studio Version 17
VisualStudioVersion = 17.4.33213.308
MinimumVisualStudioVersion = 10.0.40219.1
Project("{9A19103F-16F7-4668-BE54-9A1E7A4F7556}") = "CreditApplications.Web", "CreditApplications.Web\CreditApplications.Web.csproj", "{8492EA57-8451-460B-8147-009935BFBD9B}"
EndProject
Project("{9A19103F-16F7-4668-BE54-9A1E7A4F7556}") = "CreditApplications.ApplicationServices", "ApplicationServices\CreditApplications.ApplicationServices.csproj", "{09D91A15-713A-4932-9FF4-FE6C562DD7A8}"
EndProject
Project("{9A19103F-16F7-4668-BE54-9A1E7A4F7556}") = "CreditApplications.DataAccess", "CreditApplications.DataAccess\CreditApplications.DataAccess.csproj", "{62D6095D-679D-4E64-A983-3C87F65A90F0}"
EndProject
Project("{9A19103F-16F7-4668-BE54-9A1E7A4F7556}") = "CreditApplications.WebAPI", "CreditApplications.WebAPI\CreditApplications.WebAPI.csproj", "{3180506D-D421-4ECA-917E-EE2344685546}"
EndProject
Project("{FAE04EC0-301F-11D3-BF4B-00C04F79EFBC}") = "CreditApplications.Mobile.UWP", "CreditApplications.Mobile\CreditApplications.Mobile.UWP\CreditApplications.Mobile.UWP.csproj", "{24B53778-D555-41C3-97D8-87872B99B459}"
EndProject
Project("{FAE04EC0-301F-11D3-BF4B-00C04F79EFBC}") = "CreditApplications.Mobile.Android", "CreditApplications.Mobile\CreditApplications.Mobile.Android\CreditApplications.Mobile.Android.csproj", "{555A097E-8DC1-426D-AAE4-A5E26AA59BEF}"
EndProject
Project("{FAE04EC0-301F-11D3-BF4B-00C04F79EFBC}") = "CreditApplications.Mobile.iOS", "CreditApplications.Mobile\CreditApplications.Mobile.iOS\CreditApplications.Mobile.iOS.csproj", "{4A29E2B0-F7D2-4217-AD58-CF9733A03C48}"
EndProject
Project("{9A19103F-16F7-4668-BE54-9A1E7A4F7556}") = "CreditApplications.Mobile", "CreditApplications.Mobile\CreditApplications.Mobile\CreditApplications.Mobile.csproj", "{17407373-3831-4603-8A38-2812DCAAA14A}"
EndProject
Project("{FAE04EC0-301F-11D3-BF4B-00C04F79EFBC}") = "CreditApplications.Intranet", "CreditApplications.Intranet\CreditApplications.Intranet.csproj", "{077C009F-A088-441C-919D-82C7FBF03334}"
EndProject
Global
	GlobalSection(SolutionConfigurationPlatforms) = preSolution
		Debug|Any CPU = Debug|Any CPU
		Debug|ARM = Debug|ARM
		Debug|iPhone = Debug|iPhone
		Debug|iPhoneSimulator = Debug|iPhoneSimulator
		Debug|x64 = Debug|x64
		Debug|x86 = Debug|x86
		Release|Any CPU = Release|Any CPU
		Release|ARM = Release|ARM
		Release|iPhone = Release|iPhone
		Release|iPhoneSimulator = Release|iPhoneSimulator
		Release|x64 = Release|x64
		Release|x86 = Release|x86
	EndGlobalSection
	GlobalSection(ProjectConfigurationPlatforms) = postSolution
		{8492EA57-8451-460B-8147-009935BFBD9B}.Debug|Any CPU.ActiveCfg = Debug|Any CPU
		{8492EA57-8451-460B-8147-009935BFBD9B}.Debug|Any CPU.Build.0 = Debug|Any CPU
		{8492EA57-8451-460B-8147-009935BFBD9B}.Debug|ARM.ActiveCfg = Debug|Any CPU
		{8492EA57-8451-460B-8147-009935BFBD9B}.Debug|ARM.Build.0 = Debug|Any CPU
		{8492EA57-8451-460B-8147-009935BFBD9B}.Debug|iPhone.ActiveCfg = Debug|Any CPU
		{8492EA57-8451-460B-8147-009935BFBD9B}.Debug|iPhone.Build.0 = Debug|Any CPU
		{8492EA57-8451-460B-8147-009935BFBD9B}.Debug|iPhoneSimulator.ActiveCfg = Debug|Any CPU
		{8492EA57-8451-460B-8147-009935BFBD9B}.Debug|iPhoneSimulator.Build.0 = Debug|Any CPU
		{8492EA57-8451-460B-8147-009935BFBD9B}.Debug|x64.ActiveCfg = Debug|Any CPU
		{8492EA57-8451-460B-8147-009935BFBD9B}.Debug|x64.Build.0 = Debug|Any CPU
		{8492EA57-8451-460B-8147-009935BFBD9B}.Debug|x86.ActiveCfg = Debug|Any CPU
		{8492EA57-8451-460B-8147-009935BFBD9B}.Debug|x86.Build.0 = Debug|Any CPU
		{8492EA57-8451-460B-8147-009935BFBD9B}.Release|Any CPU.ActiveCfg = Release|Any CPU
		{8492EA57-8451-460B-8147-009935BFBD9B}.Release|Any CPU.Build.0 = Release|Any CPU
		{8492EA57-8451-460B-8147-009935BFBD9B}.Release|ARM.ActiveCfg = Release|Any CPU
		{8492EA57-8451-460B-8147-009935BFBD9B}.Release|ARM.Build.0 = Release|Any CPU
		{8492EA57-8451-460B-8147-009935BFBD9B}.Release|iPhone.ActiveCfg = Release|Any CPU
		{8492EA57-8451-460B-8147-009935BFBD9B}.Release|iPhone.Build.0 = Release|Any CPU
		{8492EA57-8451-460B-8147-009935BFBD9B}.Release|iPhoneSimulator.ActiveCfg = Release|Any CPU
		{8492EA57-8451-460B-8147-009935BFBD9B}.Release|iPhoneSimulator.Build.0 = Release|Any CPU
		{8492EA57-8451-460B-8147-009935BFBD9B}.Release|x64.ActiveCfg = Release|Any CPU
		{8492EA57-8451-460B-8147-009935BFBD9B}.Release|x64.Build.0 = Release|Any CPU
		{8492EA57-8451-460B-8147-009935BFBD9B}.Release|x86.ActiveCfg = Release|Any CPU
		{8492EA57-8451-460B-8147-009935BFBD9B}.Release|x86.Build.0 = Release|Any CPU
		{09D91A15-713A-4932-9FF4-FE6C562DD7A8}.Debug|Any CPU.ActiveCfg = Debug|Any CPU
		{09D91A15-713A-4932-9FF4-FE6C562DD7A8}.Debug|Any CPU.Build.0 = Debug|Any CPU
		{09D91A15-713A-4932-9FF4-FE6C562DD7A8}.Debug|ARM.ActiveCfg = Debug|Any CPU
		{09D91A15-713A-4932-9FF4-FE6C562DD7A8}.Debug|ARM.Build.0 = Debug|Any CPU
		{09D91A15-713A-4932-9FF4-FE6C562DD7A8}.Debug|iPhone.ActiveCfg = Debug|Any CPU
		{09D91A15-713A-4932-9FF4-FE6C562DD7A8}.Debug|iPhone.Build.0 = Debug|Any CPU
		{09D91A15-713A-4932-9FF4-FE6C562DD7A8}.Debug|iPhoneSimulator.ActiveCfg = Debug|Any CPU
		{09D91A15-713A-4932-9FF4-FE6C562DD7A8}.Debug|iPhoneSimulator.Build.0 = Debug|Any CPU
		{09D91A15-713A-4932-9FF4-FE6C562DD7A8}.Debug|x64.ActiveCfg = Debug|Any CPU
		{09D91A15-713A-4932-9FF4-FE6C562DD7A8}.Debug|x64.Build.0 = Debug|Any CPU
		{09D91A15-713A-4932-9FF4-FE6C562DD7A8}.Debug|x86.ActiveCfg = Debug|Any CPU
		{09D91A15-713A-4932-9FF4-FE6C562DD7A8}.Debug|x86.Build.0 = Debug|Any CPU
		{09D91A15-713A-4932-9FF4-FE6C562DD7A8}.Release|Any CPU.ActiveCfg = Release|Any CPU
		{09D91A15-713A-4932-9FF4-FE6C562DD7A8}.Release|Any CPU.Build.0 = Release|Any CPU
		{09D91A15-713A-4932-9FF4-FE6C562DD7A8}.Release|ARM.ActiveCfg = Release|Any CPU
		{09D91A15-713A-4932-9FF4-FE6C562DD7A8}.Release|ARM.Build.0 = Release|Any CPU
		{09D91A15-713A-4932-9FF4-FE6C562DD7A8}.Release|iPhone.ActiveCfg = Release|Any CPU
		{09D91A15-713A-4932-9FF4-FE6C562DD7A8}.Release|iPhone.Build.0 = Release|Any CPU
		{09D91A15-713A-4932-9FF4-FE6C562DD7A8}.Release|iPhoneSimulator.ActiveCfg = Release|Any CPU
		{09D91A15-713A-4932-9FF4-FE6C562DD7A8}.Release|iPhoneSimulator.Build.0 = Release|Any CPU
		{09D91A15-713A-4932-9FF4-FE6C562DD7A8}.Release|x64.ActiveCfg = Release|Any CPU
		{09D91A15-713A-4932-9FF4-FE6C562DD7A8}.Release|x64.Build.0 = Release|Any CPU
		{09D91A15-713A-4932-9FF4-FE6C562DD7A8}.Release|x86.ActiveCfg = Release|Any CPU
		{09D91A15-713A-4932-9FF4-FE6C562DD7A8}.Release|x86.Build.0 = Release|Any CPU
		{62D6095D-679D-4E64-A983-3C87F65A90F0}.Debug|Any CPU.ActiveCfg = Debug|Any CPU
		{62D6095D-679D-4E64-A983-3C87F65A90F0}.Debug|Any CPU.Build.0 = Debug|Any CPU
		{62D6095D-679D-4E64-A983-3C87F65A90F0}.Debug|ARM.ActiveCfg = Debug|Any CPU
		{62D6095D-679D-4E64-A983-3C87F65A90F0}.Debug|ARM.Build.0 = Debug|Any CPU
		{62D6095D-679D-4E64-A983-3C87F65A90F0}.Debug|iPhone.ActiveCfg = Debug|Any CPU
		{62D6095D-679D-4E64-A983-3C87F65A90F0}.Debug|iPhone.Build.0 = Debug|Any CPU
		{62D6095D-679D-4E64-A983-3C87F65A90F0}.Debug|iPhoneSimulator.ActiveCfg = Debug|Any CPU
		{62D6095D-679D-4E64-A983-3C87F65A90F0}.Debug|iPhoneSimulator.Build.0 = Debug|Any CPU
		{62D6095D-679D-4E64-A983-3C87F65A90F0}.Debug|x64.ActiveCfg = Debug|Any CPU
		{62D6095D-679D-4E64-A983-3C87F65A90F0}.Debug|x64.Build.0 = Debug|Any CPU
		{62D6095D-679D-4E64-A983-3C87F65A90F0}.Debug|x86.ActiveCfg = Debug|Any CPU
		{62D6095D-679D-4E64-A983-3C87F65A90F0}.Debug|x86.Build.0 = Debug|Any CPU
		{62D6095D-679D-4E64-A983-3C87F65A90F0}.Release|Any CPU.ActiveCfg = Release|Any CPU
		{62D6095D-679D-4E64-A983-3C87F65A90F0}.Release|Any CPU.Build.0 = Release|Any CPU
		{62D6095D-679D-4E64-A983-3C87F65A90F0}.Release|ARM.ActiveCfg = Release|Any CPU
		{62D6095D-679D-4E64-A983-3C87F65A90F0}.Release|ARM.Build.0 = Release|Any CPU
		{62D6095D-679D-4E64-A983-3C87F65A90F0}.Release|iPhone.ActiveCfg = Release|Any CPU
		{62D6095D-679D-4E64-A983-3C87F65A90F0}.Release|iPhone.Build.0 = Release|Any CPU
		{62D6095D-679D-4E64-A983-3C87F65A90F0}.Release|iPhoneSimulator.ActiveCfg = Release|Any CPU
		{62D6095D-679D-4E64-A983-3C87F65A90F0}.Release|iPhoneSimulator.Build.0 = Release|Any CPU
		{62D6095D-679D-4E64-A983-3C87F65A90F0}.Release|x64.ActiveCfg = Release|Any CPU
		{62D6095D-679D-4E64-A983-3C87F65A90F0}.Release|x64.Build.0 = Release|Any CPU
		{62D6095D-679D-4E64-A983-3C87F65A90F0}.Release|x86.ActiveCfg = Release|Any CPU
		{62D6095D-679D-4E64-A983-3C87F65A90F0}.Release|x86.Build.0 = Release|Any CPU
		{3180506D-D421-4ECA-917E-EE2344685546}.Debug|Any CPU.ActiveCfg = Debug|Any CPU
		{3180506D-D421-4ECA-917E-EE2344685546}.Debug|Any CPU.Build.0 = Debug|Any CPU
		{3180506D-D421-4ECA-917E-EE2344685546}.Debug|ARM.ActiveCfg = Debug|Any CPU
		{3180506D-D421-4ECA-917E-EE2344685546}.Debug|ARM.Build.0 = Debug|Any CPU
		{3180506D-D421-4ECA-917E-EE2344685546}.Debug|iPhone.ActiveCfg = Debug|Any CPU
		{3180506D-D421-4ECA-917E-EE2344685546}.Debug|iPhone.Build.0 = Debug|Any CPU
		{3180506D-D421-4ECA-917E-EE2344685546}.Debug|iPhoneSimulator.ActiveCfg = Debug|Any CPU
		{3180506D-D421-4ECA-917E-EE2344685546}.Debug|iPhoneSimulator.Build.0 = Debug|Any CPU
		{3180506D-D421-4ECA-917E-EE2344685546}.Debug|x64.ActiveCfg = Debug|Any CPU
		{3180506D-D421-4ECA-917E-EE2344685546}.Debug|x64.Build.0 = Debug|Any CPU
		{3180506D-D421-4ECA-917E-EE2344685546}.Debug|x86.ActiveCfg = Debug|Any CPU
		{3180506D-D421-4ECA-917E-EE2344685546}.Debug|x86.Build.0 = Debug|Any CPU
		{3180506D-D421-4ECA-917E-EE2344685546}.Release|Any CPU.ActiveCfg = Release|Any CPU
		{3180506D-D421-4ECA-917E-EE2344685546}.Release|Any CPU.Build.0 = Release|Any CPU
		{3180506D-D421-4ECA-917E-EE2344685546}.Release|ARM.ActiveCfg = Release|Any CPU
		{3180506D-D421-4ECA-917E-EE2344685546}.Release|ARM.Build.0 = Release|Any CPU
		{3180506D-D421-4ECA-917E-EE2344685546}.Release|iPhone.ActiveCfg = Release|Any CPU
		{3180506D-D421-4ECA-917E-EE2344685546}.Release|iPhone.Build.0 = Release|Any CPU
		{3180506D-D421-4ECA-917E-EE2344685546}.Release|iPhoneSimulator.ActiveCfg = Release|Any CPU
		{3180506D-D421-4ECA-917E-EE2344685546}.Release|iPhoneSimulator.Build.0 = Release|Any CPU
		{3180506D-D421-4ECA-917E-EE2344685546}.Release|x64.ActiveCfg = Release|Any CPU
		{3180506D-D421-4ECA-917E-EE2344685546}.Release|x64.Build.0 = Release|Any CPU
		{3180506D-D421-4ECA-917E-EE2344685546}.Release|x86.ActiveCfg = Release|Any CPU
		{3180506D-D421-4ECA-917E-EE2344685546}.Release|x86.Build.0 = Release|Any CPU
		{24B53778-D555-41C3-97D8-87872B99B459}.Debug|Any CPU.ActiveCfg = Debug|x64
		{24B53778-D555-41C3-97D8-87872B99B459}.Debug|Any CPU.Build.0 = Debug|x64
		{24B53778-D555-41C3-97D8-87872B99B459}.Debug|Any CPU.Deploy.0 = Debug|x64
		{24B53778-D555-41C3-97D8-87872B99B459}.Debug|ARM.ActiveCfg = Debug|ARM
		{24B53778-D555-41C3-97D8-87872B99B459}.Debug|ARM.Build.0 = Debug|ARM
		{24B53778-D555-41C3-97D8-87872B99B459}.Debug|ARM.Deploy.0 = Debug|ARM
		{24B53778-D555-41C3-97D8-87872B99B459}.Debug|iPhone.ActiveCfg = Debug|x64
		{24B53778-D555-41C3-97D8-87872B99B459}.Debug|iPhone.Build.0 = Debug|x64
		{24B53778-D555-41C3-97D8-87872B99B459}.Debug|iPhone.Deploy.0 = Debug|x64
		{24B53778-D555-41C3-97D8-87872B99B459}.Debug|iPhoneSimulator.ActiveCfg = Debug|x64
		{24B53778-D555-41C3-97D8-87872B99B459}.Debug|iPhoneSimulator.Build.0 = Debug|x64
		{24B53778-D555-41C3-97D8-87872B99B459}.Debug|iPhoneSimulator.Deploy.0 = Debug|x64
		{24B53778-D555-41C3-97D8-87872B99B459}.Debug|x64.ActiveCfg = Debug|x64
		{24B53778-D555-41C3-97D8-87872B99B459}.Debug|x64.Build.0 = Debug|x64
		{24B53778-D555-41C3-97D8-87872B99B459}.Debug|x64.Deploy.0 = Debug|x64
		{24B53778-D555-41C3-97D8-87872B99B459}.Debug|x86.ActiveCfg = Debug|x86
		{24B53778-D555-41C3-97D8-87872B99B459}.Debug|x86.Build.0 = Debug|x86
		{24B53778-D555-41C3-97D8-87872B99B459}.Debug|x86.Deploy.0 = Debug|x86
		{24B53778-D555-41C3-97D8-87872B99B459}.Release|Any CPU.ActiveCfg = Release|x64
		{24B53778-D555-41C3-97D8-87872B99B459}.Release|Any CPU.Build.0 = Release|x64
		{24B53778-D555-41C3-97D8-87872B99B459}.Release|Any CPU.Deploy.0 = Release|x64
		{24B53778-D555-41C3-97D8-87872B99B459}.Release|ARM.ActiveCfg = Release|ARM
		{24B53778-D555-41C3-97D8-87872B99B459}.Release|ARM.Build.0 = Release|ARM
		{24B53778-D555-41C3-97D8-87872B99B459}.Release|ARM.Deploy.0 = Release|ARM
		{24B53778-D555-41C3-97D8-87872B99B459}.Release|iPhone.ActiveCfg = Release|x64
		{24B53778-D555-41C3-97D8-87872B99B459}.Release|iPhone.Build.0 = Release|x64
		{24B53778-D555-41C3-97D8-87872B99B459}.Release|iPhone.Deploy.0 = Release|x64
		{24B53778-D555-41C3-97D8-87872B99B459}.Release|iPhoneSimulator.ActiveCfg = Release|x64
		{24B53778-D555-41C3-97D8-87872B99B459}.Release|iPhoneSimulator.Build.0 = Release|x64
		{24B53778-D555-41C3-97D8-87872B99B459}.Release|iPhoneSimulator.Deploy.0 = Release|x64
		{24B53778-D555-41C3-97D8-87872B99B459}.Release|x64.ActiveCfg = Release|x64
		{24B53778-D555-41C3-97D8-87872B99B459}.Release|x64.Build.0 = Release|x64
		{24B53778-D555-41C3-97D8-87872B99B459}.Release|x64.Deploy.0 = Release|x64
		{24B53778-D555-41C3-97D8-87872B99B459}.Release|x86.ActiveCfg = Release|x86
		{24B53778-D555-41C3-97D8-87872B99B459}.Release|x86.Build.0 = Release|x86
		{24B53778-D555-41C3-97D8-87872B99B459}.Release|x86.Deploy.0 = Release|x86
		{555A097E-8DC1-426D-AAE4-A5E26AA59BEF}.Debug|Any CPU.ActiveCfg = Debug|Any CPU
		{555A097E-8DC1-426D-AAE4-A5E26AA59BEF}.Debug|Any CPU.Build.0 = Debug|Any CPU
		{555A097E-8DC1-426D-AAE4-A5E26AA59BEF}.Debug|Any CPU.Deploy.0 = Debug|Any CPU
		{555A097E-8DC1-426D-AAE4-A5E26AA59BEF}.Debug|ARM.ActiveCfg = Debug|Any CPU
		{555A097E-8DC1-426D-AAE4-A5E26AA59BEF}.Debug|ARM.Build.0 = Debug|Any CPU
		{555A097E-8DC1-426D-AAE4-A5E26AA59BEF}.Debug|ARM.Deploy.0 = Debug|Any CPU
		{555A097E-8DC1-426D-AAE4-A5E26AA59BEF}.Debug|iPhone.ActiveCfg = Debug|Any CPU
		{555A097E-8DC1-426D-AAE4-A5E26AA59BEF}.Debug|iPhone.Build.0 = Debug|Any CPU
		{555A097E-8DC1-426D-AAE4-A5E26AA59BEF}.Debug|iPhone.Deploy.0 = Debug|Any CPU
		{555A097E-8DC1-426D-AAE4-A5E26AA59BEF}.Debug|iPhoneSimulator.ActiveCfg = Debug|Any CPU
		{555A097E-8DC1-426D-AAE4-A5E26AA59BEF}.Debug|iPhoneSimulator.Build.0 = Debug|Any CPU
		{555A097E-8DC1-426D-AAE4-A5E26AA59BEF}.Debug|iPhoneSimulator.Deploy.0 = Debug|Any CPU
		{555A097E-8DC1-426D-AAE4-A5E26AA59BEF}.Debug|x64.ActiveCfg = Debug|Any CPU
		{555A097E-8DC1-426D-AAE4-A5E26AA59BEF}.Debug|x64.Build.0 = Debug|Any CPU
		{555A097E-8DC1-426D-AAE4-A5E26AA59BEF}.Debug|x64.Deploy.0 = Debug|Any CPU
		{555A097E-8DC1-426D-AAE4-A5E26AA59BEF}.Debug|x86.ActiveCfg = Debug|Any CPU
		{555A097E-8DC1-426D-AAE4-A5E26AA59BEF}.Debug|x86.Build.0 = Debug|Any CPU
		{555A097E-8DC1-426D-AAE4-A5E26AA59BEF}.Debug|x86.Deploy.0 = Debug|Any CPU
		{555A097E-8DC1-426D-AAE4-A5E26AA59BEF}.Release|Any CPU.ActiveCfg = Release|Any CPU
		{555A097E-8DC1-426D-AAE4-A5E26AA59BEF}.Release|Any CPU.Build.0 = Release|Any CPU
		{555A097E-8DC1-426D-AAE4-A5E26AA59BEF}.Release|Any CPU.Deploy.0 = Release|Any CPU
		{555A097E-8DC1-426D-AAE4-A5E26AA59BEF}.Release|ARM.ActiveCfg = Release|Any CPU
		{555A097E-8DC1-426D-AAE4-A5E26AA59BEF}.Release|ARM.Build.0 = Release|Any CPU
		{555A097E-8DC1-426D-AAE4-A5E26AA59BEF}.Release|ARM.Deploy.0 = Release|Any CPU
		{555A097E-8DC1-426D-AAE4-A5E26AA59BEF}.Release|iPhone.ActiveCfg = Release|Any CPU
		{555A097E-8DC1-426D-AAE4-A5E26AA59BEF}.Release|iPhone.Build.0 = Release|Any CPU
		{555A097E-8DC1-426D-AAE4-A5E26AA59BEF}.Release|iPhone.Deploy.0 = Release|Any CPU
		{555A097E-8DC1-426D-AAE4-A5E26AA59BEF}.Release|iPhoneSimulator.ActiveCfg = Release|Any CPU
		{555A097E-8DC1-426D-AAE4-A5E26AA59BEF}.Release|iPhoneSimulator.Build.0 = Release|Any CPU
		{555A097E-8DC1-426D-AAE4-A5E26AA59BEF}.Release|iPhoneSimulator.Deploy.0 = Release|Any CPU
		{555A097E-8DC1-426D-AAE4-A5E26AA59BEF}.Release|x64.ActiveCfg = Release|Any CPU
		{555A097E-8DC1-426D-AAE4-A5E26AA59BEF}.Release|x64.Build.0 = Release|Any CPU
		{555A097E-8DC1-426D-AAE4-A5E26AA59BEF}.Release|x64.Deploy.0 = Release|Any CPU
		{555A097E-8DC1-426D-AAE4-A5E26AA59BEF}.Release|x86.ActiveCfg = Release|Any CPU
		{555A097E-8DC1-426D-AAE4-A5E26AA59BEF}.Release|x86.Build.0 = Release|Any CPU
		{555A097E-8DC1-426D-AAE4-A5E26AA59BEF}.Release|x86.Deploy.0 = Release|Any CPU
		{4A29E2B0-F7D2-4217-AD58-CF9733A03C48}.Debug|Any CPU.ActiveCfg = Debug|iPhoneSimulator
		{4A29E2B0-F7D2-4217-AD58-CF9733A03C48}.Debug|Any CPU.Build.0 = Debug|iPhoneSimulator
		{4A29E2B0-F7D2-4217-AD58-CF9733A03C48}.Debug|ARM.ActiveCfg = Debug|iPhoneSimulator
		{4A29E2B0-F7D2-4217-AD58-CF9733A03C48}.Debug|ARM.Build.0 = Debug|iPhoneSimulator
		{4A29E2B0-F7D2-4217-AD58-CF9733A03C48}.Debug|iPhone.ActiveCfg = Debug|iPhone
		{4A29E2B0-F7D2-4217-AD58-CF9733A03C48}.Debug|iPhone.Build.0 = Debug|iPhone
		{4A29E2B0-F7D2-4217-AD58-CF9733A03C48}.Debug|iPhoneSimulator.ActiveCfg = Debug|iPhoneSimulator
		{4A29E2B0-F7D2-4217-AD58-CF9733A03C48}.Debug|iPhoneSimulator.Build.0 = Debug|iPhoneSimulator
		{4A29E2B0-F7D2-4217-AD58-CF9733A03C48}.Debug|x64.ActiveCfg = Debug|iPhoneSimulator
		{4A29E2B0-F7D2-4217-AD58-CF9733A03C48}.Debug|x64.Build.0 = Debug|iPhoneSimulator
		{4A29E2B0-F7D2-4217-AD58-CF9733A03C48}.Debug|x86.ActiveCfg = Debug|iPhoneSimulator
		{4A29E2B0-F7D2-4217-AD58-CF9733A03C48}.Debug|x86.Build.0 = Debug|iPhoneSimulator
		{4A29E2B0-F7D2-4217-AD58-CF9733A03C48}.Release|Any CPU.ActiveCfg = Release|iPhoneSimulator
		{4A29E2B0-F7D2-4217-AD58-CF9733A03C48}.Release|Any CPU.Build.0 = Release|iPhoneSimulator
		{4A29E2B0-F7D2-4217-AD58-CF9733A03C48}.Release|ARM.ActiveCfg = Release|iPhoneSimulator
		{4A29E2B0-F7D2-4217-AD58-CF9733A03C48}.Release|ARM.Build.0 = Release|iPhoneSimulator
		{4A29E2B0-F7D2-4217-AD58-CF9733A03C48}.Release|iPhone.ActiveCfg = Release|iPhone
		{4A29E2B0-F7D2-4217-AD58-CF9733A03C48}.Release|iPhone.Build.0 = Release|iPhone
		{4A29E2B0-F7D2-4217-AD58-CF9733A03C48}.Release|iPhoneSimulator.ActiveCfg = Release|iPhoneSimulator
		{4A29E2B0-F7D2-4217-AD58-CF9733A03C48}.Release|iPhoneSimulator.Build.0 = Release|iPhoneSimulator
		{4A29E2B0-F7D2-4217-AD58-CF9733A03C48}.Release|x64.ActiveCfg = Release|iPhoneSimulator
		{4A29E2B0-F7D2-4217-AD58-CF9733A03C48}.Release|x64.Build.0 = Release|iPhoneSimulator
		{4A29E2B0-F7D2-4217-AD58-CF9733A03C48}.Release|x86.ActiveCfg = Release|iPhoneSimulator
		{4A29E2B0-F7D2-4217-AD58-CF9733A03C48}.Release|x86.Build.0 = Release|iPhoneSimulator
		{17407373-3831-4603-8A38-2812DCAAA14A}.Debug|Any CPU.ActiveCfg = Debug|Any CPU
		{17407373-3831-4603-8A38-2812DCAAA14A}.Debug|Any CPU.Build.0 = Debug|Any CPU
		{17407373-3831-4603-8A38-2812DCAAA14A}.Debug|ARM.ActiveCfg = Debug|Any CPU
		{17407373-3831-4603-8A38-2812DCAAA14A}.Debug|ARM.Build.0 = Debug|Any CPU
		{17407373-3831-4603-8A38-2812DCAAA14A}.Debug|iPhone.ActiveCfg = Debug|Any CPU
		{17407373-3831-4603-8A38-2812DCAAA14A}.Debug|iPhone.Build.0 = Debug|Any CPU
		{17407373-3831-4603-8A38-2812DCAAA14A}.Debug|iPhoneSimulator.ActiveCfg = Debug|Any CPU
		{17407373-3831-4603-8A38-2812DCAAA14A}.Debug|iPhoneSimulator.Build.0 = Debug|Any CPU
		{17407373-3831-4603-8A38-2812DCAAA14A}.Debug|x64.ActiveCfg = Debug|Any CPU
		{17407373-3831-4603-8A38-2812DCAAA14A}.Debug|x64.Build.0 = Debug|Any CPU
		{17407373-3831-4603-8A38-2812DCAAA14A}.Debug|x86.ActiveCfg = Debug|Any CPU
		{17407373-3831-4603-8A38-2812DCAAA14A}.Debug|x86.Build.0 = Debug|Any CPU
		{17407373-3831-4603-8A38-2812DCAAA14A}.Release|Any CPU.ActiveCfg = Release|Any CPU
		{17407373-3831-4603-8A38-2812DCAAA14A}.Release|Any CPU.Build.0 = Release|Any CPU
		{17407373-3831-4603-8A38-2812DCAAA14A}.Release|ARM.ActiveCfg = Release|Any CPU
		{17407373-3831-4603-8A38-2812DCAAA14A}.Release|ARM.Build.0 = Release|Any CPU
		{17407373-3831-4603-8A38-2812DCAAA14A}.Release|iPhone.ActiveCfg = Release|Any CPU
		{17407373-3831-4603-8A38-2812DCAAA14A}.Release|iPhone.Build.0 = Release|Any CPU
		{17407373-3831-4603-8A38-2812DCAAA14A}.Release|iPhoneSimulator.ActiveCfg = Release|Any CPU
		{17407373-3831-4603-8A38-2812DCAAA14A}.Release|iPhoneSimulator.Build.0 = Release|Any CPU
		{17407373-3831-4603-8A38-2812DCAAA14A}.Release|x64.ActiveCfg = Release|Any CPU
		{17407373-3831-4603-8A38-2812DCAAA14A}.Release|x64.Build.0 = Release|Any CPU
		{17407373-3831-4603-8A38-2812DCAAA14A}.Release|x86.ActiveCfg = Release|Any CPU
		{17407373-3831-4603-8A38-2812DCAAA14A}.Release|x86.Build.0 = Release|Any CPU
		{077C009F-A088-441C-919D-82C7FBF03334}.Debug|Any CPU.ActiveCfg = Debug|Any CPU
		{077C009F-A088-441C-919D-82C7FBF03334}.Debug|Any CPU.Build.0 = Debug|Any CPU
		{077C009F-A088-441C-919D-82C7FBF03334}.Debug|ARM.ActiveCfg = Debug|Any CPU
		{077C009F-A088-441C-919D-82C7FBF03334}.Debug|ARM.Build.0 = Debug|Any CPU
		{077C009F-A088-441C-919D-82C7FBF03334}.Debug|iPhone.ActiveCfg = Debug|Any CPU
		{077C009F-A088-441C-919D-82C7FBF03334}.Debug|iPhone.Build.0 = Debug|Any CPU
		{077C009F-A088-441C-919D-82C7FBF03334}.Debug|iPhoneSimulator.ActiveCfg = Debug|Any CPU
		{077C009F-A088-441C-919D-82C7FBF03334}.Debug|iPhoneSimulator.Build.0 = Debug|Any CPU
		{077C009F-A088-441C-919D-82C7FBF03334}.Debug|x64.ActiveCfg = Debug|Any CPU
		{077C009F-A088-441C-919D-82C7FBF03334}.Debug|x64.Build.0 = Debug|Any CPU
		{077C009F-A088-441C-919D-82C7FBF03334}.Debug|x86.ActiveCfg = Debug|Any CPU
		{077C009F-A088-441C-919D-82C7FBF03334}.Debug|x86.Build.0 = Debug|Any CPU
		{077C009F-A088-441C-919D-82C7FBF03334}.Release|Any CPU.ActiveCfg = Release|Any CPU
		{077C009F-A088-441C-919D-82C7FBF03334}.Release|Any CPU.Build.0 = Release|Any CPU
		{077C009F-A088-441C-919D-82C7FBF03334}.Release|ARM.ActiveCfg = Release|Any CPU
		{077C009F-A088-441C-919D-82C7FBF03334}.Release|ARM.Build.0 = Release|Any CPU
		{077C009F-A088-441C-919D-82C7FBF03334}.Release|iPhone.ActiveCfg = Release|Any CPU
		{077C009F-A088-441C-919D-82C7FBF03334}.Release|iPhone.Build.0 = Release|Any CPU
		{077C009F-A088-441C-919D-82C7FBF03334}.Release|iPhoneSimulator.ActiveCfg = Release|Any CPU
		{077C009F-A088-441C-919D-82C7FBF03334}.Release|iPhoneSimulator.Build.0 = Release|Any CPU
		{077C009F-A088-441C-919D-82C7FBF03334}.Release|x64.ActiveCfg = Release|Any CPU
		{077C009F-A088-441C-919D-82C7FBF03334}.Release|x64.Build.0 = Release|Any CPU
		{077C009F-A088-441C-919D-82C7FBF03334}.Release|x86.ActiveCfg = Release|Any CPU
		{077C009F-A088-441C-919D-82C7FBF03334}.Release|x86.Build.0 = Release|Any CPU
	EndGlobalSection
	GlobalSection(SolutionProperties) = preSolution
		HideSolutionNode = FALSE
	EndGlobalSection
	GlobalSection(ExtensibilityGlobals) = postSolution
		SolutionGuid = {D15881A0-AF8E-4AFC-9D52-A7160DE3A413}
	EndGlobalSection
EndGlobal
